
Microsoft Visual Studio Solution File, Format Version 12.00
# Visual Studio Version 17
VisualStudioVersion = 17.6.33815.320
MinimumVisualStudioVersion = 10.0.40219.1
Project("{9A19103F-16F7-4668-BE54-9A1E7A4F7556}") = "AzureWebApp", "AzureWebApp\AzureWebApp.csproj", "{16132E05-C6FC-4289-8603-08332023C982}"
EndProject
Project("{9A19103F-16F7-4668-BE54-9A1E7A4F7556}") = "AzureAADSource", "AzureAADSource\AzureAADSource.csproj", "{82AEDDEB-51BA-40C7-B601-984FBA184338}"
EndProject
Project("{9A19103F-16F7-4668-BE54-9A1E7A4F7556}") = "TimerFunctionNIS", "TimerFunctionNIS\TimerFunctionNIS.csproj", "{1D632A49-7348-49E0-93BA-12E3E4F2C7CF}"
EndProject
Global
	GlobalSection(SolutionConfigurationPlatforms) = preSolution
		Debug|Any CPU = Debug|Any CPU
		Release|Any CPU = Release|Any CPU
	EndGlobalSection
	GlobalSection(ProjectConfigurationPlatforms) = postSolution
		{16132E05-C6FC-4289-8603-08332023C982}.Debug|Any CPU.ActiveCfg = Debug|Any CPU
		{16132E05-C6FC-4289-8603-08332023C982}.Debug|Any CPU.Build.0 = Debug|Any CPU
		{16132E05-C6FC-4289-8603-08332023C982}.Release|Any CPU.ActiveCfg = Release|Any CPU
		{16132E05-C6FC-4289-8603-08332023C982}.Release|Any CPU.Build.0 = Release|Any CPU
		{82AEDDEB-51BA-40C7-B601-984FBA184338}.Debug|Any CPU.ActiveCfg = Debug|Any CPU
		{82AEDDEB-51BA-40C7-B601-984FBA184338}.Debug|Any CPU.Build.0 = Debug|Any CPU
		{82AEDDEB-51BA-40C7-B601-984FBA184338}.Release|Any CPU.ActiveCfg = Release|Any CPU
		{82AEDDEB-51BA-40C7-B601-984FBA184338}.Release|Any CPU.Build.0 = Release|Any CPU
		{1D632A49-7348-49E0-93BA-12E3E4F2C7CF}.Debug|Any CPU.ActiveCfg = Debug|Any CPU
		{1D632A49-7348-49E0-93BA-12E3E4F2C7CF}.Debug|Any CPU.Build.0 = Debug|Any CPU
		{1D632A49-7348-49E0-93BA-12E3E4F2C7CF}.Release|Any CPU.ActiveCfg = Release|Any CPU
		{1D632A49-7348-49E0-93BA-12E3E4F2C7CF}.Release|Any CPU.Build.0 = Release|Any CPU
	EndGlobalSection
	GlobalSection(SolutionProperties) = preSolution
		HideSolutionNode = FALSE
	EndGlobalSection
	GlobalSection(ExtensibilityGlobals) = postSolution
		SolutionGuid = {43DD4BD9-EDF0-446C-85F9-7409424F1035}
	EndGlobalSection
EndGlobal
